
Microsoft Visual Studio Solution File, Format Version 12.00
# Visual Studio 14
VisualStudioVersion = 14.0.23107.0
MinimumVisualStudioVersion = 10.0.40219.1
Project("{FAE04EC0-301F-11D3-BF4B-00C04F79EFBC}") = "Academ.io.Api", "Academ.io.Api\Academ.io.Api.csproj", "{30F885CC-79AA-48D4-810F-9A9D3012E4E4}"
EndProject
Project("{FAE04EC0-301F-11D3-BF4B-00C04F79EFBC}") = "Academ.io.Api.Models", "Academ.io.Api.Models\Academ.io.Api.Models.csproj", "{8D99DF67-5ACB-4C29-9343-BD1E08F1E53B}"
EndProject
Project("{FAE04EC0-301F-11D3-BF4B-00C04F79EFBC}") = "Academ.io.Data", "Academ.io.Data\Academ.io.Data.csproj", "{6FB52677-9287-44E3-AC55-6B47EE0C806E}"
EndProject
Project("{FAE04EC0-301F-11D3-BF4B-00C04F79EFBC}") = "Academ.io.Models", "Academ.io.Models\Academ.io.Models.csproj", "{96D4A6CA-A175-444D-B974-7F5DE3220B5A}"
EndProject
Project("{FAE04EC0-301F-11D3-BF4B-00C04F79EFBC}") = "Academ.io.Services", "Academ.io.Services\Academ.io.Services.csproj", "{BFD2E414-A608-4939-8226-3F3CB84D7868}"
EndProject
Project("{FAE04EC0-301F-11D3-BF4B-00C04F79EFBC}") = "Academ.io.University.Api", "Academ.io.University.Api\Academ.io.University.Api.csproj", "{7278F4FC-BBFB-4E47-9417-63B905B4A6A4}"
EndProject
Project("{2150E333-8FDC-42A3-9474-1A3956D46DE8}") = "UnitTests", "UnitTests", "{95983848-634E-4A34-8F02-65D8909AAE20}"
EndProject
Project("{FAE04EC0-301F-11D3-BF4B-00C04F79EFBC}") = "Academ.io.Services.Tests", "Academ.io.Services.Tests\Academ.io.Services.Tests.csproj", "{8E2E858D-4E02-44F5-AF78-87F469111AB1}"
EndProject
Project("{FAE04EC0-301F-11D3-BF4B-00C04F79EFBC}") = "Academ.io.Automapper.UnitTests", "Academ.io.Automapper.UnitTests\Academ.io.Automapper.UnitTests.csproj", "{C6E95FFD-65BE-4F41-889D-8AEFE08463AF}"
EndProject
Project("{FAE04EC0-301F-11D3-BF4B-00C04F79EFBC}") = "Academ.io.Data.UnitTests", "Academ.io.Data.UnitTests\Academ.io.Data.UnitTests.csproj", "{CF2E7185-1070-4893-B4B3-C3EA1DC5763D}"
EndProject
Global
	GlobalSection(SolutionConfigurationPlatforms) = preSolution
		Debug.Data|Any CPU = Debug.Data|Any CPU
		Debug|Any CPU = Debug|Any CPU
		Release|Any CPU = Release|Any CPU
		Test|Any CPU = Test|Any CPU
	EndGlobalSection
	GlobalSection(ProjectConfigurationPlatforms) = postSolution
		{30F885CC-79AA-48D4-810F-9A9D3012E4E4}.Debug.Data|Any CPU.ActiveCfg = Debug.Data|Any CPU
		{30F885CC-79AA-48D4-810F-9A9D3012E4E4}.Debug.Data|Any CPU.Build.0 = Debug.Data|Any CPU
		{30F885CC-79AA-48D4-810F-9A9D3012E4E4}.Debug|Any CPU.ActiveCfg = Debug|Any CPU
		{30F885CC-79AA-48D4-810F-9A9D3012E4E4}.Debug|Any CPU.Build.0 = Debug|Any CPU
		{30F885CC-79AA-48D4-810F-9A9D3012E4E4}.Release|Any CPU.ActiveCfg = Release|Any CPU
		{30F885CC-79AA-48D4-810F-9A9D3012E4E4}.Release|Any CPU.Build.0 = Release|Any CPU
		{30F885CC-79AA-48D4-810F-9A9D3012E4E4}.Test|Any CPU.ActiveCfg = Test|Any CPU
		{30F885CC-79AA-48D4-810F-9A9D3012E4E4}.Test|Any CPU.Build.0 = Test|Any CPU
		{8D99DF67-5ACB-4C29-9343-BD1E08F1E53B}.Debug.Data|Any CPU.ActiveCfg = Debug.Data|Any CPU
		{8D99DF67-5ACB-4C29-9343-BD1E08F1E53B}.Debug.Data|Any CPU.Build.0 = Debug.Data|Any CPU
		{8D99DF67-5ACB-4C29-9343-BD1E08F1E53B}.Debug|Any CPU.ActiveCfg = Debug|Any CPU
		{8D99DF67-5ACB-4C29-9343-BD1E08F1E53B}.Debug|Any CPU.Build.0 = Debug|Any CPU
		{8D99DF67-5ACB-4C29-9343-BD1E08F1E53B}.Release|Any CPU.ActiveCfg = Release|Any CPU
		{8D99DF67-5ACB-4C29-9343-BD1E08F1E53B}.Release|Any CPU.Build.0 = Release|Any CPU
		{8D99DF67-5ACB-4C29-9343-BD1E08F1E53B}.Test|Any CPU.ActiveCfg = Test|Any CPU
		{8D99DF67-5ACB-4C29-9343-BD1E08F1E53B}.Test|Any CPU.Build.0 = Test|Any CPU
		{6FB52677-9287-44E3-AC55-6B47EE0C806E}.Debug.Data|Any CPU.ActiveCfg = Debug.Data|Any CPU
		{6FB52677-9287-44E3-AC55-6B47EE0C806E}.Debug.Data|Any CPU.Build.0 = Debug.Data|Any CPU
		{6FB52677-9287-44E3-AC55-6B47EE0C806E}.Debug|Any CPU.ActiveCfg = Debug|Any CPU
		{6FB52677-9287-44E3-AC55-6B47EE0C806E}.Debug|Any CPU.Build.0 = Debug|Any CPU
		{6FB52677-9287-44E3-AC55-6B47EE0C806E}.Release|Any CPU.ActiveCfg = Release|Any CPU
		{6FB52677-9287-44E3-AC55-6B47EE0C806E}.Release|Any CPU.Build.0 = Release|Any CPU
		{6FB52677-9287-44E3-AC55-6B47EE0C806E}.Test|Any CPU.ActiveCfg = Test|Any CPU
		{6FB52677-9287-44E3-AC55-6B47EE0C806E}.Test|Any CPU.Build.0 = Test|Any CPU
		{96D4A6CA-A175-444D-B974-7F5DE3220B5A}.Debug.Data|Any CPU.ActiveCfg = Debug.Data|Any CPU
		{96D4A6CA-A175-444D-B974-7F5DE3220B5A}.Debug.Data|Any CPU.Build.0 = Debug.Data|Any CPU
		{96D4A6CA-A175-444D-B974-7F5DE3220B5A}.Debug|Any CPU.ActiveCfg = Debug|Any CPU
		{96D4A6CA-A175-444D-B974-7F5DE3220B5A}.Debug|Any CPU.Build.0 = Debug|Any CPU
		{96D4A6CA-A175-444D-B974-7F5DE3220B5A}.Release|Any CPU.ActiveCfg = Release|Any CPU
		{96D4A6CA-A175-444D-B974-7F5DE3220B5A}.Release|Any CPU.Build.0 = Release|Any CPU
		{96D4A6CA-A175-444D-B974-7F5DE3220B5A}.Test|Any CPU.ActiveCfg = Test|Any CPU
		{96D4A6CA-A175-444D-B974-7F5DE3220B5A}.Test|Any CPU.Build.0 = Test|Any CPU
		{BFD2E414-A608-4939-8226-3F3CB84D7868}.Debug.Data|Any CPU.ActiveCfg = Debug.Data|Any CPU
		{BFD2E414-A608-4939-8226-3F3CB84D7868}.Debug.Data|Any CPU.Build.0 = Debug.Data|Any CPU
		{BFD2E414-A608-4939-8226-3F3CB84D7868}.Debug|Any CPU.ActiveCfg = Debug|Any CPU
		{BFD2E414-A608-4939-8226-3F3CB84D7868}.Debug|Any CPU.Build.0 = Debug|Any CPU
		{BFD2E414-A608-4939-8226-3F3CB84D7868}.Release|Any CPU.ActiveCfg = Release|Any CPU
		{BFD2E414-A608-4939-8226-3F3CB84D7868}.Release|Any CPU.Build.0 = Release|Any CPU
		{BFD2E414-A608-4939-8226-3F3CB84D7868}.Test|Any CPU.ActiveCfg = Test|Any CPU
		{BFD2E414-A608-4939-8226-3F3CB84D7868}.Test|Any CPU.Build.0 = Test|Any CPU
		{7278F4FC-BBFB-4E47-9417-63B905B4A6A4}.Debug.Data|Any CPU.ActiveCfg = Debug.Data|Any CPU
		{7278F4FC-BBFB-4E47-9417-63B905B4A6A4}.Debug.Data|Any CPU.Build.0 = Debug.Data|Any CPU
		{7278F4FC-BBFB-4E47-9417-63B905B4A6A4}.Debug|Any CPU.ActiveCfg = Debug|Any CPU
		{7278F4FC-BBFB-4E47-9417-63B905B4A6A4}.Debug|Any CPU.Build.0 = Debug|Any CPU
		{7278F4FC-BBFB-4E47-9417-63B905B4A6A4}.Release|Any CPU.ActiveCfg = Release|Any CPU
		{7278F4FC-BBFB-4E47-9417-63B905B4A6A4}.Release|Any CPU.Build.0 = Release|Any CPU
		{7278F4FC-BBFB-4E47-9417-63B905B4A6A4}.Test|Any CPU.ActiveCfg = Test|Any CPU
		{7278F4FC-BBFB-4E47-9417-63B905B4A6A4}.Test|Any CPU.Build.0 = Test|Any CPU
		{8E2E858D-4E02-44F5-AF78-87F469111AB1}.Debug.Data|Any CPU.ActiveCfg = Debug.Data|Any CPU
		{8E2E858D-4E02-44F5-AF78-87F469111AB1}.Debug|Any CPU.ActiveCfg = Debug|Any CPU
		{8E2E858D-4E02-44F5-AF78-87F469111AB1}.Release|Any CPU.ActiveCfg = Release|Any CPU
		{8E2E858D-4E02-44F5-AF78-87F469111AB1}.Release|Any CPU.Build.0 = Release|Any CPU
		{8E2E858D-4E02-44F5-AF78-87F469111AB1}.Test|Any CPU.ActiveCfg = Test|Any CPU
		{8E2E858D-4E02-44F5-AF78-87F469111AB1}.Test|Any CPU.Build.0 = Test|Any CPU
		{C6E95FFD-65BE-4F41-889D-8AEFE08463AF}.Debug.Data|Any CPU.ActiveCfg = Debug.Data|Any CPU
		{C6E95FFD-65BE-4F41-889D-8AEFE08463AF}.Debug|Any CPU.ActiveCfg = Debug|Any CPU
		{C6E95FFD-65BE-4F41-889D-8AEFE08463AF}.Release|Any CPU.ActiveCfg = Release|Any CPU
		{C6E95FFD-65BE-4F41-889D-8AEFE08463AF}.Release|Any CPU.Build.0 = Release|Any CPU
		{C6E95FFD-65BE-4F41-889D-8AEFE08463AF}.Test|Any CPU.ActiveCfg = Test|Any CPU
		{C6E95FFD-65BE-4F41-889D-8AEFE08463AF}.Test|Any CPU.Build.0 = Test|Any CPU
		{CF2E7185-1070-4893-B4B3-C3EA1DC5763D}.Debug.Data|Any CPU.ActiveCfg = Debug.Data|Any CPU
		{CF2E7185-1070-4893-B4B3-C3EA1DC5763D}.Debug|Any CPU.ActiveCfg = Debug|Any CPU
		{CF2E7185-1070-4893-B4B3-C3EA1DC5763D}.Release|Any CPU.ActiveCfg = Release|Any CPU
		{CF2E7185-1070-4893-B4B3-C3EA1DC5763D}.Release|Any CPU.Build.0 = Release|Any CPU
		{CF2E7185-1070-4893-B4B3-C3EA1DC5763D}.Test|Any CPU.ActiveCfg = Test|Any CPU
		{CF2E7185-1070-4893-B4B3-C3EA1DC5763D}.Test|Any CPU.Build.0 = Test|Any CPU
	EndGlobalSection
	GlobalSection(SolutionProperties) = preSolution
		HideSolutionNode = FALSE
	EndGlobalSection
	GlobalSection(NestedProjects) = preSolution
		{8E2E858D-4E02-44F5-AF78-87F469111AB1} = {95983848-634E-4A34-8F02-65D8909AAE20}
		{C6E95FFD-65BE-4F41-889D-8AEFE08463AF} = {95983848-634E-4A34-8F02-65D8909AAE20}
		{CF2E7185-1070-4893-B4B3-C3EA1DC5763D} = {95983848-634E-4A34-8F02-65D8909AAE20}
	EndGlobalSection
EndGlobal
